	<Project xmlns="http://schemas.microsoft.com/developer/msbuild/2003">
		<PropertyGroup>
			<ProjectGuid>{5C8FF758-0A9A-4F92-9A2B-55E6C4AA152A}</ProjectGuid>
			<ProjectVersion>13.4</ProjectVersion>
			<FrameworkType>VCL</FrameworkType>
			<MainSource>QMobile.dpr</MainSource>
			<Base>True</Base>
			<Config Condition="'$(Config)'==''">Debug</Config>
			<Platform Condition="'$(Platform)'==''">Win32</Platform>
			<TargetedPlatforms>1</TargetedPlatforms>
			<AppType>Console</AppType>
		</PropertyGroup>
		<PropertyGroup Condition="'$(Config)'=='Base' or '$(Base)'!=''">
			<Base>true</Base>
		</PropertyGroup>
		<PropertyGroup Condition="('$(Platform)'=='Win64' and '$(Base)'=='true') or '$(Base_Win64)'!=''">
			<Base_Win64>true</Base_Win64>
			<CfgParent>Base</CfgParent>
			<Base>true</Base>
		</PropertyGroup>
		<PropertyGroup Condition="('$(Platform)'=='Win32' and '$(Base)'=='true') or '$(Base_Win32)'!=''">
			<Base_Win32>true</Base_Win32>
			<CfgParent>Base</CfgParent>
			<Base>true</Base>
		</PropertyGroup>
		<PropertyGroup Condition="'$(Config)'=='Debug' or '$(Cfg_1)'!=''">
			<Cfg_1>true</Cfg_1>
			<CfgParent>Base</CfgParent>
			<Base>true</Base>
		</PropertyGroup>
		<PropertyGroup Condition="('$(Platform)'=='Win32' and '$(Cfg_1)'=='true') or '$(Cfg_1_Win32)'!=''">
			<Cfg_1_Win32>true</Cfg_1_Win32>
			<CfgParent>Cfg_1</CfgParent>
			<Cfg_1>true</Cfg_1>
			<Base>true</Base>
		</PropertyGroup>
		<PropertyGroup Condition="'$(Config)'=='Release' or '$(Cfg_2)'!=''">
			<Cfg_2>true</Cfg_2>
			<CfgParent>Base</CfgParent>
			<Base>true</Base>
		</PropertyGroup>
		<PropertyGroup Condition="'$(Base)'!=''">
			<DCC_Namespace>System;Xml;Data;Datasnap;Web;Soap;Vcl;Vcl.Imaging;Vcl.Touch;Vcl.Samples;Vcl.Shell;$(DCC_Namespace)</DCC_Namespace>
			<Icon_MainIcon>$(BDS)\bin\delphi_PROJECTICON.ico</Icon_MainIcon>
			<DCC_UsePackage>RemObjects_WebBroker_D16;DBXInterBaseDriver;DbxCommonDriver;RemObjects_Indy_D16;dbxcds;CustomIPTransport;dsnap;IndyCore;IPIndyImpl;bindcompfmx;dbrtl;bindcomp;inetdb;xmlrtl;ibxpress;bindengine;soaprtl;inet;dbexpress;fmx;IndySystem;fmxase;inetdbxpress;rtl;DbxClientDriver;IndyProtocols;DBXMySQLDriver;fmxobj;fmxdae;$(DCC_UsePackage)</DCC_UsePackage>
			<DCC_DcuOutput>.\$(Platform)\$(Config)</DCC_DcuOutput>
			<DCC_ExeOutput>.\$(Platform)\$(Config)</DCC_ExeOutput>
		</PropertyGroup>
		<PropertyGroup Condition="'$(Base_Win64)'!=''">
			<DCC_UsePackage>dxTileControlRS16;cxLibraryRS16;dxSkinSevenRS16;dxSkinSummer2008RS16;dxPSCoreRS16;cxPivotGridOLAPRS16;dxPScxTLLnkRS16;dxPScxGridLnkRS16;dxPsPrVwAdvRS16;cxPageControlRS16;dxSkinVS2010RS16;vclimg;dxSkinDevExpressStyleRS16;dxComnRS16;dxSkinWhiteprintRS16;vcldb;dxSkinBlackRS16;dxADOServerModeRS16;dxBarExtDBItemsRS16;dxSkinXmas2008BlueRS16;dxSkinOffice2007BlueRS16;dxSkinOffice2007GreenRS16;cxDataRS16;cxBarEditItemRS16;dxSkinMetropolisRS16;dxDockingRS16;cxPageControldxBarPopupMenuRS16;dxPSLnksRS16;dxBarExtItemsRS16;dxPSdxLCLnkRS16;cxVerticalGridRS16;dxSkinSharpRS16;dxSkinOffice2007BlackRS16;dxorgcRS16;dxSkinBlueprintRS16;dxWizardControlRS16;dxPScxExtCommonRS16;dxNavBarRS16;cxSchedulerTreeBrowserRS16;dxdbtrRS16;dxSkinFoggyRS16;adgrmxe2;dxPScxSSLnkRS16;dxSkinDarkSideRS16;dxSkinscxPCPainterRS16;vclactnband;dxPScxSchedulerLnkRS16;dxPSdxDBTVLnkRS16;dxServerModeRS16;bindcompvcl;vclie;dxSkinSilverRS16;dsnapcon;dxSkinOffice2013WhiteRS16;dcldxSkinsCoreRS16;dxSkinLilianRS16;vclx;dxSkinValentineRS16;dxFlowChartRS16;dxGDIPlusRS16;dxSkinSharpPlusRS16;dxdborRS16;dxPScxVGridLnkRS16;dxLayoutControlRS16;dxPScxPivotGridLnkRS16;dxCoreRS16;cxExportRS16;dxBarRS16;dxSkinsdxNavBarPainterRS16;cxSpreadSheetRS16;dxDBXServerModeRS16;dxSkinCoffeeRS16;cxTreeListdxBarPopupMenuRS16;vclib;dxSkinOffice2013DarkGrayRS16;dxRibbonRS16;cxTreeListRS16;dxSkinOffice2007SilverRS16;dxSkinsdxRibbonPainterRS16;vcldsnap;dxSkinBlueRS16;dxSkinDarkRoomRS16;dxSkinscxSchedulerPainterRS16;vcl;dxSkinDevExpressDarkStyleRS16;cxSchedulerGridRS16;webdsnap;dxSkinTheAsphaltWorldRS16;dxSkinOffice2010BlackRS16;dxSkinMoneyTwinsRS16;dxtrmdRS16;dxSkinsdxDLPainterRS16;dxSkinPumpkinRS16;adortl;dxSkinHighContrastRS16;dxSkinOffice2013LightGrayRS16;dxSkiniMaginaryRS16;dxSkinLondonLiquidSkyRS16;dxPSdxDBOCLnkRS16;dxSkinsdxBarPainterRS16;dxSkinGlassOceansRS16;dxSkinLiquidSkyRS16;adxolBuildD16;dxSkinsCoreRS16;cxPivotGridChartRS16;dxPScxCommonRS16;dxmdsRS16;dxSpellCheckerRS16;dxPSPrVwRibbonRS16;cxGridRS16;cxEditorsRS16;cxPivotGridRS16;dxSkinSevenClassicRS16;cxSchedulerRibbonStyleEventEditorRS16;vclZipForged16;vcltouch;cxSchedulerRS16;dxSkinOffice2010SilverRS16;websnap;dxSkinOffice2007PinkRS16;VclSmp;dxSkinSpringTimeRS16;dxTabbedMDIRS16;dxSkinStardustRS16;dxSkinMetropolisDarkRS16;dxPSdxOCLnkRS16;dxSkinOffice2010BlueRS16;adxBuildD16;dxPSdxFCLnkRS16;dxThemeRS16;dxPScxPCProdRS16;dxSkinCaramelRS16;RemObjects_Synapse_D16;dxSkinMcSkinRS16;dxBarDBNavRS16;$(DCC_UsePackage)</DCC_UsePackage>
		</PropertyGroup>
		<PropertyGroup Condition="'$(Base_Win32)'!=''">
			<DCC_UsePackage>dxTileControlRS16;cxLibraryRS16;dxSkinSevenRS16;rbDIDE1516;DataAbstract_DBXDriver_Pro_D16;rbTCUI1516;dxSkinSummer2008RS16;TeePro916;dxPSCoreRS16;cxPivotGridOLAPRS16;dxPScxTLLnkRS16;dxPScxGridLnkRS16;dxPsPrVwAdvRS16;cxPageControlRS16;dxSkinVS2010RS16;vclimg;dxSkinDevExpressStyleRS16;fmi;rbDAD1516;dxComnRS16;rbRCL1516;dxSkinWhiteprintRS16;vcldb;dxSkinBlackRS16;dxADOServerModeRS16;dxBarExtDBItemsRS16;rbIBE1516;dxSkinXmas2008BlueRS16;dclRBIBE1516;dclRBADO1516;dxSkinOffice2007BlueRS16;CloudService;dxSkinOffice2007GreenRS16;CrystalComponentRAD2012;rbRAP1516;cxDataRS16;cxBarEditItemRS16;dxSkinMetropolisRS16;dxDockingRS16;cxPageControldxBarPopupMenuRS16;dxPSLnksRS16;dxBarExtItemsRS16;JclDeveloperTools;GR32_RSXE2;dxPSdxLCLnkRS16;cxVerticalGridRS16;dxSkinSharpRS16;dxSkinOffice2007BlackRS16;dxorgcRS16;dxSkinBlueprintRS16;dxWizardControlRS16;dxPScxExtCommonRS16;vcldbx;rbDBDE1516;dxNavBarRS16;dclRBE1516;rbIDE1516;TeeWorld916;DataAbstract_SpiderMonkeyScripting_D16;cxSchedulerTreeBrowserRS16;dxdbtrRS16;dxSkinFoggyRS16;DataAbstract_ActiveScripting_D16;adgrmxe2;dxPScxSSLnkRS16;SynEdit_RXE2;frxDB16;dxSkinDarkSideRS16;dxSkinscxPCPainterRS16;TeeGL916;fs16;vclactnband;dxPScxSchedulerLnkRS16;dxPSdxDBTVLnkRS16;dxServerModeRS16;bindcompvcl;Intraweb_14_DXE2;Jcl;vclie;dacvcl160;TeeTree2D16Tee9;dxSkinSilverRS16;dsnapcon;dxSkinOffice2013WhiteRS16;dcldxSkinsCoreRS16;dxSkinLilianRS16;vclx;rbDBE1516;dxSkinValentineRS16;IWCGJQCore_140_160;dxFlowChartRS16;DataAbstract_SQLiteDriver_D16;dxGDIPlusRS16;EurekaLogCore;dxSkinSharpPlusRS16;dxdborRS16;sdac160;dxPScxVGridLnkRS16;dxLayoutControlRS16;dxPScxPivotGridLnkRS16;DataAbstract_IDE_D16;dxCoreRS16;cxExportRS16;dxBarRS16;dxSkinsdxNavBarPainterRS16;Tee916;TeeUI916;cxSpreadSheetRS16;dxDBXServerModeRS16;dxSkinCoffeeRS16;cxTreeListdxBarPopupMenuRS16;Rave100VCL;vclib;inetdbbde;dxSkinOffice2013DarkGrayRS16;dxRibbonRS16;rbTC1516;cxTreeListRS16;dxSkinOffice2007SilverRS16;dxSkinsdxRibbonPainterRS16;vcldsnap;dac160;dxSkinBlueRS16;dclRBBDE1516;rbDB1516;vclribbon;frxe16;dxSkinDarkRoomRS16;dxSkinscxSchedulerPainterRS16;vcl;dxSkinDevExpressDarkStyleRS16;RaudusD160;CodeSiteExpressPkg;cxSchedulerGridRS16;webdsnap;TeeDB916;sdacvcl160;dxSkinTheAsphaltWorldRS16;GR32_DSGN_RSXE2;rbRIDE1516;dxSkinOffice2010BlackRS16;dxSkinMoneyTwinsRS16;dxtrmdRS16;dxSkinsdxDLPainterRS16;dclCrossTalk_XE2;dxSkinPumpkinRS16;adortl;TeeLanguage916;rbADO1516;dxSkinHighContrastRS16;IWCGJQMobile_140_160;dxSkinOffice2013LightGrayRS16;TeeImage916;dxSkiniMaginaryRS16;frx16;dxSkinLondonLiquidSkyRS16;dxPSdxDBOCLnkRS16;dxSkinsdxBarPainterRS16;crcontrols160;JclContainers;rbUSERDesign1516;dxSkinGlassOceansRS16;dxSkinLiquidSkyRS16;adxolBuildD16;dxSkinsCoreRS16;svnui;cxPivotGridChartRS16;dxPScxCommonRS16;dxmdsRS16;dxSpellCheckerRS16;dxPSPrVwRibbonRS16;cxGridRS16;cxEditorsRS16;cxPivotGridRS16;rbUSER1516;dclRBDBE1516;dxSkinSevenClassicRS16;cxSchedulerRibbonStyleEventEditorRS16;dclZipForged16;rbBDE1516;vclZipForged16;vcltouch;cxSchedulerRS16;dxSkinOffice2010SilverRS16;websnap;dxSkinOffice2007PinkRS16;IWCGJQComps_140_160;VclSmp;dxSkinSpringTimeRS16;dxTabbedMDIRS16;fsDB16;dxSkinStardustRS16;dxSkinMetropolisDarkRS16;dxPSdxOCLnkRS16;dxSkinOffice2010BlueRS16;adxBuildD16;dxPSdxFCLnkRS16;dxThemeRS16;JclVcl;dxPScxPCProdRS16;rbCIDE1516;svn;dxSkinCaramelRS16;bdertl;RemObjects_Synapse_D16;dxSkinMcSkinRS16;dxBarDBNavRS16;$(DCC_UsePackage)</DCC_UsePackage>
			<DCC_Namespace>Winapi;System.Win;Data.Win;Datasnap.Win;Web.Win;Soap.Win;Xml.Win;Bde;$(DCC_Namespace)</DCC_Namespace>
			<VerInfo_Locale>1033</VerInfo_Locale>
			<VerInfo_Keys>CompanyName=;FileDescription=;FileVersion=1.0.0.0;InternalName=;LegalCopyright=;LegalTrademarks=;OriginalFilename=;ProductName=;ProductVersion=1.0.0.0;Comments=</VerInfo_Keys>
		</PropertyGroup>
		<PropertyGroup Condition="'$(Cfg_1)'!=''">
			<DCC_Define>DEBUG;$(DCC_Define)</DCC_Define>
			<DCC_Optimize>false</DCC_Optimize>
			<DCC_GenerateStackFrames>true</DCC_GenerateStackFrames>
			<DCC_DebugInfoInExe>true</DCC_DebugInfoInExe>
			<DCC_RemoteDebug>true</DCC_RemoteDebug>
		</PropertyGroup>
		<PropertyGroup Condition="'$(Cfg_1_Win32)'!=''">
			<DCC_RemoteDebug>false</DCC_RemoteDebug>
		</PropertyGroup>
		<PropertyGroup Condition="'$(Cfg_2)'!=''">
			<DCC_LocalDebugSymbols>false</DCC_LocalDebugSymbols>
			<DCC_Define>RELEASE;$(DCC_Define)</DCC_Define>
			<DCC_SymbolReferenceInfo>0</DCC_SymbolReferenceInfo>
			<DCC_DebugInformation>false</DCC_DebugInformation>
		</PropertyGroup>
		<ItemGroup>
			<DelphiCompile Include="$(MainSource)">
				<MainSource>MainSource</MainSource>
			</DelphiCompile>
			<DCCReference Include="frIWLogin.pas">
				<Form>frmIWLogin</Form>
				<DesignClass>TIWAppForm</DesignClass>
			</DCCReference>
			<DCCReference Include="ServerController.pas">
				<Form>IWServerController</Form>
				<DesignClass>TIWServerControllerBase</DesignClass>
			</DCCReference>
			<DCCReference Include="UserSessionUnit.pas">
				<Form>IWUserSession</Form>
				<DesignClass>TIWUserSessionBase</DesignClass>
			</DCCReference>
			<DCCReference Include="frIWHome.pas">
				<Form>frmIWHome</Form>
				<DesignClass>TIWAppForm</DesignClass>
			</DCCReference>
			<DCCReference Include="frIWMHome.pas">
				<Form>frmIWMHome</Form>
				<FormType>dfm</FormType>
				<DesignClass>TIWCGJQMAjaxPageFrame</DesignClass>
			</DCCReference>
			<BuildConfiguration Include="Release">
				<Key>Cfg_2</Key>
				<CfgParent>Base</CfgParent>
			</BuildConfiguration>
			<BuildConfiguration Include="Base">
				<Key>Base</Key>
			</BuildConfiguration>
			<BuildConfiguration Include="Debug">
				<Key>Cfg_1</Key>
				<CfgParent>Base</CfgParent>
			</BuildConfiguration>
		</ItemGroup>
		<ProjectExtensions>
			<Borland.Personality>Delphi.Personality.12</Borland.Personality>
			<Borland.ProjectType/>
			<BorlandProject>
				<Delphi.Personality>
					<VersionInfo>
						<VersionInfo Name="IncludeVerInfo">False</VersionInfo>
						<VersionInfo Name="AutoIncBuild">False</VersionInfo>
						<VersionInfo Name="MajorVer">1</VersionInfo>
						<VersionInfo Name="MinorVer">0</VersionInfo>
						<VersionInfo Name="Release">0</VersionInfo>
						<VersionInfo Name="Build">0</VersionInfo>
						<VersionInfo Name="Debug">False</VersionInfo>
						<VersionInfo Name="PreRelease">False</VersionInfo>
						<VersionInfo Name="Special">False</VersionInfo>
						<VersionInfo Name="Private">False</VersionInfo>
						<VersionInfo Name="DLL">False</VersionInfo>
						<VersionInfo Name="Locale">1033</VersionInfo>
						<VersionInfo Name="CodePage">1252</VersionInfo>
					</VersionInfo>
					<VersionInfoKeys>
						<VersionInfoKeys Name="CompanyName"/>
						<VersionInfoKeys Name="FileDescription"/>
						<VersionInfoKeys Name="FileVersion">1.0.0.0</VersionInfoKeys>
						<VersionInfoKeys Name="InternalName"/>
						<VersionInfoKeys Name="LegalCopyright"/>
						<VersionInfoKeys Name="LegalTrademarks"/>
						<VersionInfoKeys Name="OriginalFilename"/>
						<VersionInfoKeys Name="ProductName"/>
						<VersionInfoKeys Name="ProductVersion">1.0.0.0</VersionInfoKeys>
						<VersionInfoKeys Name="Comments"/>
					</VersionInfoKeys>
					<Excluded_Packages>
						<Excluded_Packages Name="$(BDSBIN)\dclbindcompfmx160.bpl">Embarcadero LiveBindings Components FireMonkey</Excluded_Packages>
						<Excluded_Packages Name="$(BDSBIN)\dcloffice2k160.bpl">Microsoft Office 2000 Sample Automation Server Wrapper Components</Excluded_Packages>
						<Excluded_Packages Name="$(BDSBIN)\dclofficexp160.bpl">Microsoft Office XP Sample Automation Server Wrapper Components</Excluded_Packages>
						<Excluded_Packages Name="C:\Program Files (x86)\Steema Software\TeeChart 2011 for RAD XE2\Delphi16.win32\Bin\DclFMXTeePro916.bpl">TeeChart Pro 2011 for FireMonkey Components</Excluded_Packages>
						<Excluded_Packages Name="C:\Program Files (x86)\Steema Software\TeeChart 2011 for RAD XE2\Delphi16.iOS\Bin\DclFMITeePro916.bpl">TeeChart Pro 2011 for FireMonkey iOS Components</Excluded_Packages>
					</Excluded_Packages>
					<Source>
						<Source Name="MainSource">QMobile.dpr</Source>
					</Source>
				</Delphi.Personality>
				<Deployment/>
				<Platforms>
					<Platform value="Win64">False</Platform>
					<Platform value="Win32">True</Platform>
				</Platforms>
			</BorlandProject>
			<ProjectFileVersion>12</ProjectFileVersion>
		</ProjectExtensions>
		<Import Condition="Exists('$(BDS)\Bin\CodeGear.Delphi.Targets')" Project="$(BDS)\Bin\CodeGear.Delphi.Targets"/>
		<Import Condition="Exists('$(APPDATA)\Embarcadero\$(BDSAPPDATABASEDIR)\$(PRODUCTVERSION)\UserTools.proj')" Project="$(APPDATA)\Embarcadero\$(BDSAPPDATABASEDIR)\$(PRODUCTVERSION)\UserTools.proj"/>
	</Project>

<!-- EurekaLog First Line
[Exception Log]
EurekaLog Version=7001
EurekaLog Last Line -->
